
Microsoft Visual Studio Solution File, Format Version 12.00
# Visual Studio Version 17
VisualStudioVersion = 17.9.34607.119
MinimumVisualStudioVersion = 10.0.40219.1
Project("{2150E333-8FDC-42A3-9474-1A3956D46DE8}") = "Solution Items", "Solution Items", "{132FBF53-4F7E-4CE1-9ECC-9BFBAA754368}"
	ProjectSection(SolutionItems) = preProject
		.gitignore = .gitignore
		README.md = README.md
		.github\workflows\deploy.yaml = .github\workflows\deploy.yaml
	EndProjectSection
EndProject
Project("{9A19103F-16F7-4668-BE54-9A1E7A4F7556}") = "FastFoodProduction", "FastFoodProduction\FastFoodProduction.csproj", "{AAD70277-A9A7-475B-A499-A188F55CABFE}"
EndProject
Global
	GlobalSection(SolutionConfigurationPlatforms) = preSolution
		Debug|Any CPU = Debug|Any CPU
		Release|Any CPU = Release|Any CPU
	EndGlobalSection
	GlobalSection(ProjectConfigurationPlatforms) = postSolution
		{AAD70277-A9A7-475B-A499-A188F55CABFE}.Debug|Any CPU.ActiveCfg = Debug|Any CPU
		{AAD70277-A9A7-475B-A499-A188F55CABFE}.Debug|Any CPU.Build.0 = Debug|Any CPU
		{AAD70277-A9A7-475B-A499-A188F55CABFE}.Release|Any CPU.ActiveCfg = Release|Any CPU
		{AAD70277-A9A7-475B-A499-A188F55CABFE}.Release|Any CPU.Build.0 = Release|Any CPU
	EndGlobalSection
	GlobalSection(SolutionProperties) = preSolution
		HideSolutionNode = FALSE
	EndGlobalSection
	GlobalSection(ExtensibilityGlobals) = postSolution
		SolutionGuid = {D087C6B8-8F91-49F9-AF0B-D054C9D1FE67}
	EndGlobalSection
EndGlobal
